
Microsoft Visual Studio Solution File, Format Version 12.00
# Visual Studio 15
Project("{FAE04EC0-301F-11D3-BF4B-00C04F79EFBC}") = "Mi Hermano un Electrón", "Assembly-CSharp.csproj", "{D4A690A3-EF4E-4F37-4CDF-9DFAF3150C23}"
EndProject
Project("{FAE04EC0-301F-11D3-BF4B-00C04F79EFBC}") = "Mi Hermano un Electrón", "Assembly-CSharp-Editor.csproj", "{6EEBE6DE-03EC-7E4A-10E5-3F178227D0F6}"
EndProject
Global
	GlobalSection(SolutionConfigurationPlatforms) = preSolution
		Debug|Any CPU = Debug|Any CPU
		Release|Any CPU = Release|Any CPU
	EndGlobalSection
	GlobalSection(ProjectConfigurationPlatforms) = postSolution
		{D4A690A3-EF4E-4F37-4CDF-9DFAF3150C23}.Debug|Any CPU.ActiveCfg = Debug|Any CPU
		{D4A690A3-EF4E-4F37-4CDF-9DFAF3150C23}.Debug|Any CPU.Build.0 = Debug|Any CPU
		{D4A690A3-EF4E-4F37-4CDF-9DFAF3150C23}.Release|Any CPU.ActiveCfg = Release|Any CPU
		{D4A690A3-EF4E-4F37-4CDF-9DFAF3150C23}.Release|Any CPU.Build.0 = Release|Any CPU
		{6EEBE6DE-03EC-7E4A-10E5-3F178227D0F6}.Debug|Any CPU.ActiveCfg = Debug|Any CPU
		{6EEBE6DE-03EC-7E4A-10E5-3F178227D0F6}.Debug|Any CPU.Build.0 = Debug|Any CPU
		{6EEBE6DE-03EC-7E4A-10E5-3F178227D0F6}.Release|Any CPU.ActiveCfg = Release|Any CPU
		{6EEBE6DE-03EC-7E4A-10E5-3F178227D0F6}.Release|Any CPU.Build.0 = Release|Any CPU
	EndGlobalSection
	GlobalSection(SolutionProperties) = preSolution
		HideSolutionNode = FALSE
	EndGlobalSection
EndGlobal
